
Microsoft Visual Studio Solution File, Format Version 12.00
Project("{FAE04EC0-301F-11D3-BF4B-00C04F79EFBC}") = "MS-Continuus", "MS-Continuus\MS-Continuus.csproj", "{FC41CDB4-D99A-49A9-8D91-99823690BBAB}"
EndProject
Project("{FAE04EC0-301F-11D3-BF4B-00C04F79EFBC}") = "Tests", "Tests\Tests.csproj", "{62BE8639-9E41-404F-BAAA-27AC5D62A3DE}"
EndProject
Global
	GlobalSection(SolutionConfigurationPlatforms) = preSolution
		Debug|Any CPU = Debug|Any CPU
		Release|Any CPU = Release|Any CPU
	EndGlobalSection
	GlobalSection(ProjectConfigurationPlatforms) = postSolution
		{FC41CDB4-D99A-49A9-8D91-99823690BBAB}.Debug|Any CPU.ActiveCfg = Debug|Any CPU
		{FC41CDB4-D99A-49A9-8D91-99823690BBAB}.Debug|Any CPU.Build.0 = Debug|Any CPU
		{FC41CDB4-D99A-49A9-8D91-99823690BBAB}.Release|Any CPU.ActiveCfg = Release|Any CPU
		{FC41CDB4-D99A-49A9-8D91-99823690BBAB}.Release|Any CPU.Build.0 = Release|Any CPU
		{62BE8639-9E41-404F-BAAA-27AC5D62A3DE}.Debug|Any CPU.ActiveCfg = Debug|Any CPU
		{62BE8639-9E41-404F-BAAA-27AC5D62A3DE}.Debug|Any CPU.Build.0 = Debug|Any CPU
		{62BE8639-9E41-404F-BAAA-27AC5D62A3DE}.Release|Any CPU.ActiveCfg = Release|Any CPU
		{62BE8639-9E41-404F-BAAA-27AC5D62A3DE}.Release|Any CPU.Build.0 = Release|Any CPU
	EndGlobalSection
EndGlobal
